// !$*UTF8*$!
{
	archiveVersion = 1;
	classes = {
	};
	objectVersion = 46;
	objects = {

/* Begin PBXBuildFile section */
		3ACD7DBF1CC49EDB00A01578 /* Ex2_15_16_17.cpp in Sources */ = {isa = PBXBuildFile; fileRef = 3ACD7DBE1CC49EDB00A01578 /* Ex2_15_16_17.cpp */; };
/* End PBXBuildFile section */

/* Begin PBXCopyFilesBuildPhase section */
		3AB25D7F1CBCC51500479D0A /* CopyFiles */ = {
			isa = PBXCopyFilesBuildPhase;
			buildActionMask = 2147483647;
			dstPath = /usr/share/man/man1/;
			dstSubfolderSpec = 0;
			files = (
			);
			runOnlyForDeploymentPostprocessing = 1;
		};
/* End PBXCopyFilesBuildPhase section */

/* Begin PBXFileReference section */
		3A2518061CBE1D9B00076DD3 /* Ex1_17_18.cpp */ = {isa = PBXFileReference; fileEncoding = 4; lastKnownFileType = sourcecode.cpp.cpp; path = Ex1_17_18.cpp; sourceTree = "<group>"; };
		3A8AA99B1CC09B3B006CC3B8 /* Ex1_23_24.cpp */ = {isa = PBXFileReference; fileEncoding = 4; lastKnownFileType = sourcecode.cpp.cpp; path = Ex1_23_24.cpp; sourceTree = "<group>"; };
		3A8AA99D1CC09FFE006CC3B8 /* Ex1_25.cpp */ = {isa = PBXFileReference; fileEncoding = 4; lastKnownFileType = sourcecode.cpp.cpp; path = Ex1_25.cpp; sourceTree = "<group>"; };
		3A8AA9A21CC0B07F006CC3B8 /* Ex2_1_2.cpp */ = {isa = PBXFileReference; fileEncoding = 4; lastKnownFileType = sourcecode.cpp.cpp; path = Ex2_1_2.cpp; sourceTree = "<group>"; };
		3AB25D811CBCC51500479D0A /* CPrimer */ = {isa = PBXFileReference; explicitFileType = "compiled.mach-o.executable"; includeInIndex = 0; path = CPrimer; sourceTree = BUILT_PRODUCTS_DIR; };
		3AB25D841CBCC51500479D0A /* Ex1_1.cpp */ = {isa = PBXFileReference; lastKnownFileType = sourcecode.cpp.cpp; path = Ex1_1.cpp; sourceTree = "<group>"; };
		3AB25D8B1CBCC5AB00479D0A /* Ex1_2.cpp */ = {isa = PBXFileReference; fileEncoding = 4; lastKnownFileType = sourcecode.cpp.cpp; path = Ex1_2.cpp; sourceTree = "<group>"; };
		3AB25D8D1CBCD46000479D0A /* Ex1_3.cpp */ = {isa = PBXFileReference; fileEncoding = 4; lastKnownFileType = sourcecode.cpp.cpp; path = Ex1_3.cpp; sourceTree = "<group>"; };
		3AB25D8F1CBCD4E500479D0A /* Ex1_4.cpp */ = {isa = PBXFileReference; fileEncoding = 4; lastKnownFileType = sourcecode.cpp.cpp; path = Ex1_4.cpp; sourceTree = "<group>"; };
		3AB25D911CBCD5D300479D0A /* Ex1_5.cpp */ = {isa = PBXFileReference; fileEncoding = 4; lastKnownFileType = sourcecode.cpp.cpp; path = Ex1_5.cpp; sourceTree = "<group>"; };
		3AB25D931CBCD63700479D0A /* Ex1_6.cpp */ = {isa = PBXFileReference; fileEncoding = 4; lastKnownFileType = sourcecode.cpp.cpp; path = Ex1_6.cpp; sourceTree = "<group>"; };
		3AC46AD51CBF5AB50056A055 /* Ex1_19.cpp */ = {isa = PBXFileReference; fileEncoding = 4; lastKnownFileType = sourcecode.cpp.cpp; path = Ex1_19.cpp; sourceTree = "<group>"; };
		3AC46ADE1CBF64CB0056A055 /* Ex1_20.cpp */ = {isa = PBXFileReference; fileEncoding = 4; lastKnownFileType = sourcecode.cpp.cpp; path = Ex1_20.cpp; sourceTree = "<group>"; };
		3AC46AE01CBF65010056A055 /* Sales_item.h */ = {isa = PBXFileReference; fileEncoding = 4; lastKnownFileType = sourcecode.c.h; path = Sales_item.h; sourceTree = "<group>"; };
		3AC46AE21CBF757E0056A055 /* Ex1_21.cpp */ = {isa = PBXFileReference; fileEncoding = 4; lastKnownFileType = sourcecode.cpp.cpp; path = Ex1_21.cpp; sourceTree = "<group>"; };
		3AC46AE41CBF76260056A055 /* Ex1_22.cpp */ = {isa = PBXFileReference; fileEncoding = 4; lastKnownFileType = sourcecode.cpp.cpp; path = Ex1_22.cpp; sourceTree = "<group>"; };
		3ACD7DB81CC48EFB00A01578 /* Ex2_11.cpp */ = {isa = PBXFileReference; fileEncoding = 4; lastKnownFileType = sourcecode.cpp.cpp; path = Ex2_11.cpp; sourceTree = "<group>"; };
		3ACD7DBA1CC491B200A01578 /* Ex2_12.cpp */ = {isa = PBXFileReference; fileEncoding = 4; lastKnownFileType = sourcecode.cpp.cpp; path = Ex2_12.cpp; sourceTree = "<group>"; };
		3ACD7DBC1CC495D100A01578 /* Ex2_13_14.cpp */ = {isa = PBXFileReference; fileEncoding = 4; lastKnownFileType = sourcecode.cpp.cpp; path = Ex2_13_14.cpp; sourceTree = "<group>"; };
		3ACD7DBE1CC49EDB00A01578 /* Ex2_15_16_17.cpp */ = {isa = PBXFileReference; fileEncoding = 4; lastKnownFileType = sourcecode.cpp.cpp; path = Ex2_15_16_17.cpp; sourceTree = "<group>"; };
		3AD289F01CBDFF5000BB2E23 /* Ex1_7.cpp */ = {isa = PBXFileReference; fileEncoding = 4; lastKnownFileType = sourcecode.cpp.cpp; path = Ex1_7.cpp; sourceTree = "<group>"; };
		3AD289F21CBE001900BB2E23 /* Ex1_8.cpp */ = {isa = PBXFileReference; fileEncoding = 4; lastKnownFileType = sourcecode.cpp.cpp; path = Ex1_8.cpp; sourceTree = "<group>"; };
		3AD289F41CBE057400BB2E23 /* Ex1_9.cpp */ = {isa = PBXFileReference; fileEncoding = 4; lastKnownFileType = sourcecode.cpp.cpp; path = Ex1_9.cpp; sourceTree = "<group>"; };
		3AD289F61CBE062300BB2E23 /* Ex1_10.cpp */ = {isa = PBXFileReference; fileEncoding = 4; lastKnownFileType = sourcecode.cpp.cpp; path = Ex1_10.cpp; sourceTree = "<group>"; };
		3AD289F81CBE070800BB2E23 /* Ex1_11.cpp */ = {isa = PBXFileReference; fileEncoding = 4; lastKnownFileType = sourcecode.cpp.cpp; path = Ex1_11.cpp; sourceTree = "<group>"; };
		3AD289FB1CBE0BF100BB2E23 /* Ex1_12.cpp */ = {isa = PBXFileReference; fileEncoding = 4; lastKnownFileType = sourcecode.cpp.cpp; path = Ex1_12.cpp; sourceTree = "<group>"; };
		3AD289FD1CBE0D6100BB2E23 /* Ex1_13_14.cpp */ = {isa = PBXFileReference; fileEncoding = 4; lastKnownFileType = sourcecode.cpp.cpp; path = Ex1_13_14.cpp; sourceTree = "<group>"; };
		3AD289FF1CBE0F7F00BB2E23 /* Ex1_15.cpp */ = {isa = PBXFileReference; fileEncoding = 4; lastKnownFileType = sourcecode.cpp.cpp; path = Ex1_15.cpp; sourceTree = "<group>"; };
		3AD28A011CBE13D700BB2E23 /* Ex1_16.cpp */ = {isa = PBXFileReference; fileEncoding = 4; lastKnownFileType = sourcecode.cpp.cpp; path = Ex1_16.cpp; sourceTree = "<group>"; };
		3ADAB9131CC1E9BC00FBE8B5 /* Ex2_3_4.cpp */ = {isa = PBXFileReference; fileEncoding = 4; lastKnownFileType = sourcecode.cpp.cpp; path = Ex2_3_4.cpp; sourceTree = "<group>"; };
		3ADAB9151CC1F36C00FBE8B5 /* Ex2_5_6_7_8.cpp */ = {isa = PBXFileReference; fileEncoding = 4; lastKnownFileType = sourcecode.cpp.cpp; path = Ex2_5_6_7_8.cpp; sourceTree = "<group>"; };
		3ADAB9171CC1FCBE00FBE8B5 /* Ex2_9_10.cpp */ = {isa = PBXFileReference; fileEncoding = 4; lastKnownFileType = sourcecode.cpp.cpp; path = Ex2_9_10.cpp; sourceTree = "<group>"; };
/* End PBXFileReference section */

/* Begin PBXFrameworksBuildPhase section */
		3AB25D7E1CBCC51500479D0A /* Frameworks */ = {
			isa = PBXFrameworksBuildPhase;
			buildActionMask = 2147483647;
			files = (
			);
			runOnlyForDeploymentPostprocessing = 0;
		};
/* End PBXFrameworksBuildPhase section */

/* Begin PBXGroup section */
		3A2652E81CBEACAA004FC6EE /* Ch1 */ = {
			isa = PBXGroup;
			children = (
				3AB25D841CBCC51500479D0A /* Ex1_1.cpp */,
				3AB25D8B1CBCC5AB00479D0A /* Ex1_2.cpp */,
				3AB25D8D1CBCD46000479D0A /* Ex1_3.cpp */,
				3AB25D8F1CBCD4E500479D0A /* Ex1_4.cpp */,
				3AB25D911CBCD5D300479D0A /* Ex1_5.cpp */,
				3AB25D931CBCD63700479D0A /* Ex1_6.cpp */,
				3AD289F01CBDFF5000BB2E23 /* Ex1_7.cpp */,
				3AD289F21CBE001900BB2E23 /* Ex1_8.cpp */,
				3AD289F41CBE057400BB2E23 /* Ex1_9.cpp */,
				3AD289F61CBE062300BB2E23 /* Ex1_10.cpp */,
				3AD289F81CBE070800BB2E23 /* Ex1_11.cpp */,
				3AD289FB1CBE0BF100BB2E23 /* Ex1_12.cpp */,
				3AD289FD1CBE0D6100BB2E23 /* Ex1_13_14.cpp */,
				3AD289FF1CBE0F7F00BB2E23 /* Ex1_15.cpp */,
				3AD28A011CBE13D700BB2E23 /* Ex1_16.cpp */,
				3A2518061CBE1D9B00076DD3 /* Ex1_17_18.cpp */,
				3AC46AD51CBF5AB50056A055 /* Ex1_19.cpp */,
				3AC46ADE1CBF64CB0056A055 /* Ex1_20.cpp */,
				3AC46AE21CBF757E0056A055 /* Ex1_21.cpp */,
				3AC46AE41CBF76260056A055 /* Ex1_22.cpp */,
				3A8AA99B1CC09B3B006CC3B8 /* Ex1_23_24.cpp */,
				3A8AA99D1CC09FFE006CC3B8 /* Ex1_25.cpp */,
				3AC46AE01CBF65010056A055 /* Sales_item.h */,
			);
			path = Ch1;
			sourceTree = "<group>";
		};
		3A8AA9A11CC0A75A006CC3B8 /* Ch2 */ = {
			isa = PBXGroup;
			children = (
				3A8AA9A21CC0B07F006CC3B8 /* Ex2_1_2.cpp */,
				3ADAB9131CC1E9BC00FBE8B5 /* Ex2_3_4.cpp */,
				3ADAB9151CC1F36C00FBE8B5 /* Ex2_5_6_7_8.cpp */,
				3ADAB9171CC1FCBE00FBE8B5 /* Ex2_9_10.cpp */,
				3ACD7DB81CC48EFB00A01578 /* Ex2_11.cpp */,
				3ACD7DBA1CC491B200A01578 /* Ex2_12.cpp */,
				3ACD7DBC1CC495D100A01578 /* Ex2_13_14.cpp */,
				3ACD7DBE1CC49EDB00A01578 /* Ex2_15_16_17.cpp */,
			);
			path = Ch2;
			sourceTree = "<group>";
		};
		3AB25D781CBCC51500479D0A = {
			isa = PBXGroup;
			children = (
				3AB25D831CBCC51500479D0A /* CPrimer */,
				3AB25D821CBCC51500479D0A /* Products */,
			);
			sourceTree = "<group>";
		};
		3AB25D821CBCC51500479D0A /* Products */ = {
			isa = PBXGroup;
			children = (
				3AB25D811CBCC51500479D0A /* CPrimer */,
			);
			name = Products;
			sourceTree = "<group>";
		};
		3AB25D831CBCC51500479D0A /* CPrimer */ = {
			isa = PBXGroup;
			children = (
				3A2652E81CBEACAA004FC6EE /* Ch1 */,
				3A8AA9A11CC0A75A006CC3B8 /* Ch2 */,
			);
			path = CPrimer;
			sourceTree = "<group>";
		};
/* End PBXGroup section */

/* Begin PBXNativeTarget section */
		3AB25D801CBCC51500479D0A /* CPrimer */ = {
			isa = PBXNativeTarget;
			buildConfigurationList = 3AB25D881CBCC51500479D0A /* Build configuration list for PBXNativeTarget "CPrimer" */;
			buildPhases = (
				3AB25D7D1CBCC51500479D0A /* Sources */,
				3AB25D7E1CBCC51500479D0A /* Frameworks */,
				3AB25D7F1CBCC51500479D0A /* CopyFiles */,
			);
			buildRules = (
			);
			dependencies = (
			);
			name = CPrimer;
			productName = "CPrimer-Ch1";
			productReference = 3AB25D811CBCC51500479D0A /* CPrimer */;
			productType = "com.apple.product-type.tool";
		};
/* End PBXNativeTarget section */

/* Begin PBXProject section */
		3AB25D791CBCC51500479D0A /* Project object */ = {
			isa = PBXProject;
			attributes = {
				LastUpgradeCheck = 0730;
				ORGANIZATIONNAME = "Seong Kim";
				TargetAttributes = {
					3AB25D801CBCC51500479D0A = {
						CreatedOnToolsVersion = 7.3;
					};
				};
			};
			buildConfigurationList = 3AB25D7C1CBCC51500479D0A /* Build configuration list for PBXProject "CPrimer" */;
			compatibilityVersion = "Xcode 3.2";
			developmentRegion = English;
			hasScannedForEncodings = 0;
			knownRegions = (
				en,
			);
			mainGroup = 3AB25D781CBCC51500479D0A;
			productRefGroup = 3AB25D821CBCC51500479D0A /* Products */;
			projectDirPath = "";
			projectRoot = "";
			targets = (
				3AB25D801CBCC51500479D0A /* CPrimer */,
			);
		};
/* End PBXProject section */

/* Begin PBXSourcesBuildPhase section */
		3AB25D7D1CBCC51500479D0A /* Sources */ = {
			isa = PBXSourcesBuildPhase;
			buildActionMask = 2147483647;
			files = (
				3ACD7DBF1CC49EDB00A01578 /* Ex2_15_16_17.cpp in Sources */,
			);
			runOnlyForDeploymentPostprocessing = 0;
		};
/* End PBXSourcesBuildPhase section */

/* Begin XCBuildConfiguration section */
		3AB25D861CBCC51500479D0A /* Debug */ = {
			isa = XCBuildConfiguration;
			buildSettings = {
				ALWAYS_SEARCH_USER_PATHS = NO;
				CLANG_ANALYZER_NONNULL = YES;
				CLANG_CXX_LANGUAGE_STANDARD = "gnu++0x";
				CLANG_CXX_LIBRARY = "libc++";
				CLANG_ENABLE_MODULES = YES;
				CLANG_ENABLE_OBJC_ARC = YES;
				CLANG_WARN_BOOL_CONVERSION = YES;
				CLANG_WARN_CONSTANT_CONVERSION = YES;
				CLANG_WARN_DIRECT_OBJC_ISA_USAGE = YES_ERROR;
				CLANG_WARN_EMPTY_BODY = YES;
				CLANG_WARN_ENUM_CONVERSION = YES;
				CLANG_WARN_INT_CONVERSION = YES;
				CLANG_WARN_OBJC_ROOT_CLASS = YES_ERROR;
				CLANG_WARN_UNREACHABLE_CODE = YES;
				CLANG_WARN__DUPLICATE_METHOD_MATCH = YES;
				CODE_SIGN_IDENTITY = "-";
				COPY_PHASE_STRIP = NO;
				DEBUG_INFORMATION_FORMAT = dwarf;
				ENABLE_STRICT_OBJC_MSGSEND = YES;
				ENABLE_TESTABILITY = YES;
				GCC_C_LANGUAGE_STANDARD = gnu99;
				GCC_DYNAMIC_NO_PIC = NO;
				GCC_NO_COMMON_BLOCKS = YES;
				GCC_OPTIMIZATION_LEVEL = 0;
				GCC_PREPROCESSOR_DEFINITIONS = (
					"DEBUG=1",
					"$(inherited)",
				);
				GCC_WARN_64_TO_32_BIT_CONVERSION = YES;
				GCC_WARN_ABOUT_RETURN_TYPE = YES_ERROR;
				GCC_WARN_UNDECLARED_SELECTOR = YES;
				GCC_WARN_UNINITIALIZED_AUTOS = YES_AGGRESSIVE;
				GCC_WARN_UNUSED_FUNCTION = YES;
				GCC_WARN_UNUSED_VARIABLE = YES;
				HEADER_SEARCH_PATHS = /Users/seongkim/Personal_Dev/Projects/CPrimer/CPrimer;
				MACOSX_DEPLOYMENT_TARGET = 10.11;
				MTL_ENABLE_DEBUG_INFO = YES;
				ONLY_ACTIVE_ARCH = YES;
				SDKROOT = macosx;
				USER_HEADER_SEARCH_PATHS = "";
			};
			name = Debug;
		};
		3AB25D871CBCC51500479D0A /* Release */ = {
			isa = XCBuildConfiguration;
			buildSettings = {
				ALWAYS_SEARCH_USER_PATHS = NO;
				CLANG_ANALYZER_NONNULL = YES;
				CLANG_CXX_LANGUAGE_STANDARD = "gnu++0x";
				CLANG_CXX_LIBRARY = "libc++";
				CLANG_ENABLE_MODULES = YES;
				CLANG_ENABLE_OBJC_ARC = YES;
				CLANG_WARN_BOOL_CONVERSION = YES;
				CLANG_WARN_CONSTANT_CONVERSION = YES;
				CLANG_WARN_DIRECT_OBJC_ISA_USAGE = YES_ERROR;
				CLANG_WARN_EMPTY_BODY = YES;
				CLANG_WARN_ENUM_CONVERSION = YES;
				CLANG_WARN_INT_CONVERSION = YES;
				CLANG_WARN_OBJC_ROOT_CLASS = YES_ERROR;
				CLANG_WARN_UNREACHABLE_CODE = YES;
				CLANG_WARN__DUPLICATE_METHOD_MATCH = YES;
				CODE_SIGN_IDENTITY = "-";
				COPY_PHASE_STRIP = NO;
				DEBUG_INFORMATION_FORMAT = "dwarf-with-dsym";
				ENABLE_NS_ASSERTIONS = NO;
				ENABLE_STRICT_OBJC_MSGSEND = YES;
				GCC_C_LANGUAGE_STANDARD = gnu99;
				GCC_NO_COMMON_BLOCKS = YES;
				GCC_WARN_64_TO_32_BIT_CONVERSION = YES;
				GCC_WARN_ABOUT_RETURN_TYPE = YES_ERROR;
				GCC_WARN_UNDECLARED_SELECTOR = YES;
				GCC_WARN_UNINITIALIZED_AUTOS = YES_AGGRESSIVE;
				GCC_WARN_UNUSED_FUNCTION = YES;
				GCC_WARN_UNUSED_VARIABLE = YES;
				HEADER_SEARCH_PATHS = /Users/seongkim/Personal_Dev/Projects/CPrimer/CPrimer;
				MACOSX_DEPLOYMENT_TARGET = 10.11;
				MTL_ENABLE_DEBUG_INFO = NO;
				SDKROOT = macosx;
				USER_HEADER_SEARCH_PATHS = "";
			};
			name = Release;
		};
		3AB25D891CBCC51500479D0A /* Debug */ = {
			isa = XCBuildConfiguration;
			buildSettings = {
				ALWAYS_SEARCH_USER_PATHS = NO;
				PRODUCT_NAME = CPrimer;
				USER_HEADER_SEARCH_PATHS = "";
			};
			name = Debug;
		};
		3AB25D8A1CBCC51500479D0A /* Release */ = {
			isa = XCBuildConfiguration;
			buildSettings = {
				ALWAYS_SEARCH_USER_PATHS = NO;
				PRODUCT_NAME = CPrimer;
				USER_HEADER_SEARCH_PATHS = "";
			};
			name = Release;
		};
/* End XCBuildConfiguration section */

/* Begin XCConfigurationList section */
		3AB25D7C1CBCC51500479D0A /* Build configuration list for PBXProject "CPrimer" */ = {
			isa = XCConfigurationList;
			buildConfigurations = (
				3AB25D861CBCC51500479D0A /* Debug */,
				3AB25D871CBCC51500479D0A /* Release */,
			);
			defaultConfigurationIsVisible = 0;
			defaultConfigurationName = Release;
		};
		3AB25D881CBCC51500479D0A /* Build configuration list for PBXNativeTarget "CPrimer" */ = {
			isa = XCConfigurationList;
			buildConfigurations = (
				3AB25D891CBCC51500479D0A /* Debug */,
				3AB25D8A1CBCC51500479D0A /* Release */,
			);
			defaultConfigurationIsVisible = 0;
			defaultConfigurationName = Release;
		};
/* End XCConfigurationList section */
	};
	rootObject = 3AB25D791CBCC51500479D0A /* Project object */;
}
